
Microsoft Visual Studio Solution File, Format Version 12.00
# Visual Studio Version 16
VisualStudioVersion = 16.0.31025.194
MinimumVisualStudioVersion = 10.0.40219.1
Project("{FAE04EC0-301F-11D3-BF4B-00C04F79EFBC}") = "PruebaDeLogin", "PruebaDeLogin.csproj", "{4C767A46-7A1F-4FA8-B34E-4B1BA4848975}"
EndProject
Global
	GlobalSection(SolutionConfigurationPlatforms) = preSolution
		Debug|Any CPU = Debug|Any CPU
		Release|Any CPU = Release|Any CPU
	EndGlobalSection
	GlobalSection(ProjectConfigurationPlatforms) = postSolution
		{4C767A46-7A1F-4FA8-B34E-4B1BA4848975}.Debug|Any CPU.ActiveCfg = Debug|Any CPU
		{4C767A46-7A1F-4FA8-B34E-4B1BA4848975}.Debug|Any CPU.Build.0 = Debug|Any CPU
		{4C767A46-7A1F-4FA8-B34E-4B1BA4848975}.Release|Any CPU.ActiveCfg = Release|Any CPU
		{4C767A46-7A1F-4FA8-B34E-4B1BA4848975}.Release|Any CPU.Build.0 = Release|Any CPU
	EndGlobalSection
	GlobalSection(SolutionProperties) = preSolution
		HideSolutionNode = FALSE
	EndGlobalSection
	GlobalSection(ExtensibilityGlobals) = postSolution
		SolutionGuid = {54119E00-663E-43D9-96BB-DD1B3D1C2081}
	EndGlobalSection
EndGlobal
